
Microsoft Visual Studio Solution File, Format Version 12.00
# Visual Studio Version 17
VisualStudioVersion = 17.0.31903.59
MinimumVisualStudioVersion = 10.0.40219.1
Project("{2150E333-8FDC-42A3-9474-1A3956D46DE8}") = "src", "src", "{827E0CD3-B72D-47B6-A68D-7590B98EB39B}"
EndProject
Project("{FAE04EC0-301F-11D3-BF4B-00C04F79EFBC}") = "LeadFlow.Api", "src\LeadFlow.Api\LeadFlow.Api.csproj", "{35824D84-69F9-43F4-9A56-46310511E7DD}"
EndProject
Project("{FAE04EC0-301F-11D3-BF4B-00C04F79EFBC}") = "LeadFlow.Domain", "src\LeadFlow.Domain\LeadFlow.Domain.csproj", "{7AE0E3A7-9ACE-4257-9AAD-2E2A88EBA941}"
EndProject
Project("{FAE04EC0-301F-11D3-BF4B-00C04F79EFBC}") = "LeadFlow.Application", "src\LeadFlow.Application\LeadFlow.Application.csproj", "{E5155E75-D10F-45A6-A3F2-970CE38D0EBE}"
EndProject
Project("{FAE04EC0-301F-11D3-BF4B-00C04F79EFBC}") = "LeadFlow.Infra", "src\LeadFlow.Infra\LeadFlow.Infra.csproj", "{3DB76F87-A52F-4F1D-B6C0-B3E1C541C6E9}"
EndProject
Global
	GlobalSection(SolutionConfigurationPlatforms) = preSolution
		Debug|Any CPU = Debug|Any CPU
		Debug|x64 = Debug|x64
		Debug|x86 = Debug|x86
		Release|Any CPU = Release|Any CPU
		Release|x64 = Release|x64
		Release|x86 = Release|x86
	EndGlobalSection
	GlobalSection(ProjectConfigurationPlatforms) = postSolution
		{35824D84-69F9-43F4-9A56-46310511E7DD}.Debug|Any CPU.ActiveCfg = Debug|Any CPU
		{35824D84-69F9-43F4-9A56-46310511E7DD}.Debug|Any CPU.Build.0 = Debug|Any CPU
		{35824D84-69F9-43F4-9A56-46310511E7DD}.Debug|x64.ActiveCfg = Debug|Any CPU
		{35824D84-69F9-43F4-9A56-46310511E7DD}.Debug|x64.Build.0 = Debug|Any CPU
		{35824D84-69F9-43F4-9A56-46310511E7DD}.Debug|x86.ActiveCfg = Debug|Any CPU
		{35824D84-69F9-43F4-9A56-46310511E7DD}.Debug|x86.Build.0 = Debug|Any CPU
		{35824D84-69F9-43F4-9A56-46310511E7DD}.Release|Any CPU.ActiveCfg = Release|Any CPU
		{35824D84-69F9-43F4-9A56-46310511E7DD}.Release|Any CPU.Build.0 = Release|Any CPU
		{35824D84-69F9-43F4-9A56-46310511E7DD}.Release|x64.ActiveCfg = Release|Any CPU
		{35824D84-69F9-43F4-9A56-46310511E7DD}.Release|x64.Build.0 = Release|Any CPU
		{35824D84-69F9-43F4-9A56-46310511E7DD}.Release|x86.ActiveCfg = Release|Any CPU
		{35824D84-69F9-43F4-9A56-46310511E7DD}.Release|x86.Build.0 = Release|Any CPU
		{7AE0E3A7-9ACE-4257-9AAD-2E2A88EBA941}.Debug|Any CPU.ActiveCfg = Debug|Any CPU
		{7AE0E3A7-9ACE-4257-9AAD-2E2A88EBA941}.Debug|Any CPU.Build.0 = Debug|Any CPU
		{7AE0E3A7-9ACE-4257-9AAD-2E2A88EBA941}.Debug|x64.ActiveCfg = Debug|Any CPU
		{7AE0E3A7-9ACE-4257-9AAD-2E2A88EBA941}.Debug|x64.Build.0 = Debug|Any CPU
		{7AE0E3A7-9ACE-4257-9AAD-2E2A88EBA941}.Debug|x86.ActiveCfg = Debug|Any CPU
		{7AE0E3A7-9ACE-4257-9AAD-2E2A88EBA941}.Debug|x86.Build.0 = Debug|Any CPU
		{7AE0E3A7-9ACE-4257-9AAD-2E2A88EBA941}.Release|Any CPU.ActiveCfg = Release|Any CPU
		{7AE0E3A7-9ACE-4257-9AAD-2E2A88EBA941}.Release|Any CPU.Build.0 = Release|Any CPU
		{7AE0E3A7-9ACE-4257-9AAD-2E2A88EBA941}.Release|x64.ActiveCfg = Release|Any CPU
		{7AE0E3A7-9ACE-4257-9AAD-2E2A88EBA941}.Release|x64.Build.0 = Release|Any CPU
		{7AE0E3A7-9ACE-4257-9AAD-2E2A88EBA941}.Release|x86.ActiveCfg = Release|Any CPU
		{7AE0E3A7-9ACE-4257-9AAD-2E2A88EBA941}.Release|x86.Build.0 = Release|Any CPU
		{E5155E75-D10F-45A6-A3F2-970CE38D0EBE}.Debug|Any CPU.ActiveCfg = Debug|Any CPU
		{E5155E75-D10F-45A6-A3F2-970CE38D0EBE}.Debug|Any CPU.Build.0 = Debug|Any CPU
		{E5155E75-D10F-45A6-A3F2-970CE38D0EBE}.Debug|x64.ActiveCfg = Debug|Any CPU
		{E5155E75-D10F-45A6-A3F2-970CE38D0EBE}.Debug|x64.Build.0 = Debug|Any CPU
		{E5155E75-D10F-45A6-A3F2-970CE38D0EBE}.Debug|x86.ActiveCfg = Debug|Any CPU
		{E5155E75-D10F-45A6-A3F2-970CE38D0EBE}.Debug|x86.Build.0 = Debug|Any CPU
		{E5155E75-D10F-45A6-A3F2-970CE38D0EBE}.Release|Any CPU.ActiveCfg = Release|Any CPU
		{E5155E75-D10F-45A6-A3F2-970CE38D0EBE}.Release|Any CPU.Build.0 = Release|Any CPU
		{E5155E75-D10F-45A6-A3F2-970CE38D0EBE}.Release|x64.ActiveCfg = Release|Any CPU
		{E5155E75-D10F-45A6-A3F2-970CE38D0EBE}.Release|x64.Build.0 = Release|Any CPU
		{E5155E75-D10F-45A6-A3F2-970CE38D0EBE}.Release|x86.ActiveCfg = Release|Any CPU
		{E5155E75-D10F-45A6-A3F2-970CE38D0EBE}.Release|x86.Build.0 = Release|Any CPU
		{3DB76F87-A52F-4F1D-B6C0-B3E1C541C6E9}.Debug|Any CPU.ActiveCfg = Debug|Any CPU
		{3DB76F87-A52F-4F1D-B6C0-B3E1C541C6E9}.Debug|Any CPU.Build.0 = Debug|Any CPU
		{3DB76F87-A52F-4F1D-B6C0-B3E1C541C6E9}.Debug|x64.ActiveCfg = Debug|Any CPU
		{3DB76F87-A52F-4F1D-B6C0-B3E1C541C6E9}.Debug|x64.Build.0 = Debug|Any CPU
		{3DB76F87-A52F-4F1D-B6C0-B3E1C541C6E9}.Debug|x86.ActiveCfg = Debug|Any CPU
		{3DB76F87-A52F-4F1D-B6C0-B3E1C541C6E9}.Debug|x86.Build.0 = Debug|Any CPU
		{3DB76F87-A52F-4F1D-B6C0-B3E1C541C6E9}.Release|Any CPU.ActiveCfg = Release|Any CPU
		{3DB76F87-A52F-4F1D-B6C0-B3E1C541C6E9}.Release|Any CPU.Build.0 = Release|Any CPU
		{3DB76F87-A52F-4F1D-B6C0-B3E1C541C6E9}.Release|x64.ActiveCfg = Release|Any CPU
		{3DB76F87-A52F-4F1D-B6C0-B3E1C541C6E9}.Release|x64.Build.0 = Release|Any CPU
		{3DB76F87-A52F-4F1D-B6C0-B3E1C541C6E9}.Release|x86.ActiveCfg = Release|Any CPU
		{3DB76F87-A52F-4F1D-B6C0-B3E1C541C6E9}.Release|x86.Build.0 = Release|Any CPU
	EndGlobalSection
	GlobalSection(SolutionProperties) = preSolution
		HideSolutionNode = FALSE
	EndGlobalSection
	GlobalSection(NestedProjects) = preSolution
		{35824D84-69F9-43F4-9A56-46310511E7DD} = {827E0CD3-B72D-47B6-A68D-7590B98EB39B}
		{7AE0E3A7-9ACE-4257-9AAD-2E2A88EBA941} = {827E0CD3-B72D-47B6-A68D-7590B98EB39B}
		{E5155E75-D10F-45A6-A3F2-970CE38D0EBE} = {827E0CD3-B72D-47B6-A68D-7590B98EB39B}
		{3DB76F87-A52F-4F1D-B6C0-B3E1C541C6E9} = {827E0CD3-B72D-47B6-A68D-7590B98EB39B}
	EndGlobalSection
EndGlobal
